
Microsoft Visual Studio Solution File, Format Version 12.00
# Visual Studio Version 17
VisualStudioVersion = 17.1.32228.430
MinimumVisualStudioVersion = 10.0.40219.1
Project("{9A19103F-16F7-4668-BE54-9A1E7A4F7556}") = "CabInvoice", "CabInvoice\CabInvoice.csproj", "{523ED341-9EA1-4075-BC94-AF75F0C56EF8}"
EndProject
Project("{FAE04EC0-301F-11D3-BF4B-00C04F79EFBC}") = "CabInvoiceGeneratorTesting", "CabInvoiceGeneratorTesting\CabInvoiceGeneratorTesting.csproj", "{4AD53366-B8F0-45B6-9024-2D1C0C9229A6}"
EndProject
Global
	GlobalSection(SolutionConfigurationPlatforms) = preSolution
		Debug|Any CPU = Debug|Any CPU
		Release|Any CPU = Release|Any CPU
	EndGlobalSection
	GlobalSection(ProjectConfigurationPlatforms) = postSolution
		{523ED341-9EA1-4075-BC94-AF75F0C56EF8}.Debug|Any CPU.ActiveCfg = Debug|Any CPU
		{523ED341-9EA1-4075-BC94-AF75F0C56EF8}.Debug|Any CPU.Build.0 = Debug|Any CPU
		{523ED341-9EA1-4075-BC94-AF75F0C56EF8}.Release|Any CPU.ActiveCfg = Release|Any CPU
		{523ED341-9EA1-4075-BC94-AF75F0C56EF8}.Release|Any CPU.Build.0 = Release|Any CPU
		{4AD53366-B8F0-45B6-9024-2D1C0C9229A6}.Debug|Any CPU.ActiveCfg = Debug|Any CPU
		{4AD53366-B8F0-45B6-9024-2D1C0C9229A6}.Debug|Any CPU.Build.0 = Debug|Any CPU
		{4AD53366-B8F0-45B6-9024-2D1C0C9229A6}.Release|Any CPU.ActiveCfg = Release|Any CPU
		{4AD53366-B8F0-45B6-9024-2D1C0C9229A6}.Release|Any CPU.Build.0 = Release|Any CPU
	EndGlobalSection
	GlobalSection(SolutionProperties) = preSolution
		HideSolutionNode = FALSE
	EndGlobalSection
	GlobalSection(ExtensibilityGlobals) = postSolution
		SolutionGuid = {A1CBE32B-1632-49ED-9EFE-9A3B29B05D6E}
	EndGlobalSection
EndGlobal
